
Microsoft Visual Studio Solution File, Format Version 12.00
# Visual Studio 2013
VisualStudioVersion = 12.0.30723.0
MinimumVisualStudioVersion = 10.0.40219.1
Project("{FAE04EC0-301F-11D3-BF4B-00C04F79EFBC}") = "KupiProdam", "KupiProdam\KupiProdam.csproj", "{2D84A0F2-E66C-45EC-ACC0-50FE66F32A1F}"
EndProject
Project("{FAE04EC0-301F-11D3-BF4B-00C04F79EFBC}") = "KupiProdam.Entities", "KupiProdam.Entities\KupiProdam.Entities.csproj", "{DD897C9F-5CD9-4161-A770-06261CA88DD6}"
EndProject
Project("{FAE04EC0-301F-11D3-BF4B-00C04F79EFBC}") = "KupiProdam.Utils", "KupiProdam.Utils\KupiProdam.Utils.csproj", "{AF7B31B8-20E0-486F-A237-982C558B6DFA}"
EndProject
Project("{FAE04EC0-301F-11D3-BF4B-00C04F79EFBC}") = "KupiProdam.Core", "KupiProdam.Core\KupiProdam.Core.csproj", "{216E3E94-7128-4CE9-AF0A-6AB018036DCE}"
EndProject
Global
	GlobalSection(SolutionConfigurationPlatforms) = preSolution
		Debug|Any CPU = Debug|Any CPU
		Release|Any CPU = Release|Any CPU
	EndGlobalSection
	GlobalSection(ProjectConfigurationPlatforms) = postSolution
		{2D84A0F2-E66C-45EC-ACC0-50FE66F32A1F}.Debug|Any CPU.ActiveCfg = Debug|Any CPU
		{2D84A0F2-E66C-45EC-ACC0-50FE66F32A1F}.Debug|Any CPU.Build.0 = Debug|Any CPU
		{2D84A0F2-E66C-45EC-ACC0-50FE66F32A1F}.Release|Any CPU.ActiveCfg = Release|Any CPU
		{2D84A0F2-E66C-45EC-ACC0-50FE66F32A1F}.Release|Any CPU.Build.0 = Release|Any CPU
		{DD897C9F-5CD9-4161-A770-06261CA88DD6}.Debug|Any CPU.ActiveCfg = Debug|Any CPU
		{DD897C9F-5CD9-4161-A770-06261CA88DD6}.Debug|Any CPU.Build.0 = Debug|Any CPU
		{DD897C9F-5CD9-4161-A770-06261CA88DD6}.Release|Any CPU.ActiveCfg = Release|Any CPU
		{DD897C9F-5CD9-4161-A770-06261CA88DD6}.Release|Any CPU.Build.0 = Release|Any CPU
		{AF7B31B8-20E0-486F-A237-982C558B6DFA}.Debug|Any CPU.ActiveCfg = Debug|Any CPU
		{AF7B31B8-20E0-486F-A237-982C558B6DFA}.Debug|Any CPU.Build.0 = Debug|Any CPU
		{AF7B31B8-20E0-486F-A237-982C558B6DFA}.Release|Any CPU.ActiveCfg = Release|Any CPU
		{AF7B31B8-20E0-486F-A237-982C558B6DFA}.Release|Any CPU.Build.0 = Release|Any CPU
		{216E3E94-7128-4CE9-AF0A-6AB018036DCE}.Debug|Any CPU.ActiveCfg = Debug|Any CPU
		{216E3E94-7128-4CE9-AF0A-6AB018036DCE}.Debug|Any CPU.Build.0 = Debug|Any CPU
		{216E3E94-7128-4CE9-AF0A-6AB018036DCE}.Release|Any CPU.ActiveCfg = Release|Any CPU
		{216E3E94-7128-4CE9-AF0A-6AB018036DCE}.Release|Any CPU.Build.0 = Release|Any CPU
	EndGlobalSection
	GlobalSection(SolutionProperties) = preSolution
		HideSolutionNode = FALSE
	EndGlobalSection
EndGlobal
